{
  "version": 4,
  "terraform_version": "1.14.8",
  "serial": 87,
  "lineage": "aa5cdd7c-59f2-7abe-24f7-4668d6bea59f",
  "outputs": {},
  "resources": [
    {
      "mode": "managed",
      "type": "aws_eip",
      "name": "jenkins",
      "provider": "provider[\"registry.terraform.io/hashicorp/aws\"]",
      "instances": [
        {
          "schema_version": 0,
          "attributes": {
            "address": null,
            "allocation_id": "eipalloc-08f921f1e205c729a",
            "arn": "arn:aws:ec2:ap-south-1:941894778210:elastic-ip/eipalloc-08f921f1e205c729a",
            "associate_with_private_ip": "10.0.1.50",
            "association_id": "eipassoc-091ba70fc2300e640",
            "carrier_ip": "",
            "customer_owned_ip": "",
            "customer_owned_ipv4_pool": "",
            "domain": "vpc",
            "id": "eipalloc-08f921f1e205c729a",
            "instance": "",
            "ipam_pool_id": null,
            "network_border_group": "ap-south-1",
            "network_interface": "eni-0d554831b7f946b79",
            "private_dns": "ip-10-0-1-50.ap-south-1.compute.internal",
            "private_ip": "10.0.1.50",
            "ptr_record": "",
            "public_dns": "ec2-13-232-253-126.ap-south-1.compute.amazonaws.com",
            "public_ip": "13.232.253.126",
            "public_ipv4_pool": "amazon",
            "region": "ap-south-1",
            "tags": null,
            "tags_all": {},
            "timeouts": null
          },
          "sensitive_attributes": [],
          "identity_schema_version": 0,
          "private": "eyJlMmJmYjczMC1lY2FhLTExZTYtOGY4OC0zNDM2M2JjN2M0YzAiOnsiZGVsZXRlIjoxODAwMDAwMDAwMDAsInJlYWQiOjkwMDAwMDAwMDAwMCwidXBkYXRlIjozMDAwMDAwMDAwMDB9fQ==",
          "dependencies": [
            "aws_internet_gateway.nodejs-web-app",
            "aws_network_interface.jenkins",
            "aws_security_group.allow-all-outbound",
            "aws_security_group.allow-jenkins-traffic",
            "aws_security_group.allow-ssh-traffic",
            "aws_security_group.allow-staging-traffic",
            "aws_subnet.subnet-public-jenkins",
            "aws_vpc.nodejs-web-app"
          ]
        }
      ]
    },
    {
      "mode": "managed",
      "type": "aws_eip",
      "name": "nodejs-web-app",
      "provider": "provider[\"registry.terraform.io/hashicorp/aws\"]",
      "instances": [
        {
          "schema_version": 0,
          "attributes": {
            "address": null,
            "allocation_id": "eipalloc-0eafae0502a96fecb",
            "arn": "arn:aws:ec2:ap-south-1:941894778210:elastic-ip/eipalloc-0eafae0502a96fecb",
            "associate_with_private_ip": "10.0.3.50",
            "association_id": "eipassoc-0594f25a959e4a5bf",
            "carrier_ip": "",
            "customer_owned_ip": "",
            "customer_owned_ipv4_pool": "",
            "domain": "vpc",
            "id": "eipalloc-0eafae0502a96fecb",
            "instance": "",
            "ipam_pool_id": null,
            "network_border_group": "ap-south-1",
            "network_interface": "eni-09a7c6d7ab56a3f24",
            "private_dns": "ip-10-0-3-50.ap-south-1.compute.internal",
            "private_ip": "10.0.3.50",
            "ptr_record": "",
            "public_dns": "ec2-13-235-138-187.ap-south-1.compute.amazonaws.com",
            "public_ip": "13.235.138.187",
            "public_ipv4_pool": "amazon",
            "region": "ap-south-1",
            "tags": null,
            "tags_all": {},
            "timeouts": null
          },
          "sensitive_attributes": [],
          "identity_schema_version": 0,
          "private": "eyJlMmJmYjczMC1lY2FhLTExZTYtOGY4OC0zNDM2M2JjN2M0YzAiOnsiZGVsZXRlIjoxODAwMDAwMDAwMDAsInJlYWQiOjkwMDAwMDAwMDAwMCwidXBkYXRlIjozMDAwMDAwMDAwMDB9fQ==",
          "dependencies": [
            "aws_internet_gateway.nodejs-web-app",
            "aws_network_interface.nodejs-web-app",
            "aws_security_group.allow-all-outbound",
            "aws_security_group.allow-ssh-traffic",
            "aws_security_group.allow-web-traffic",
            "aws_subnet.subnet-public-web-app",
            "aws_vpc.nodejs-web-app"
          ]
        }
      ]
    },
    {
      "mode": "managed",
      "type": "aws_internet_gateway",
      "name": "nodejs-web-app",
      "provider": "provider[\"registry.terraform.io/hashicorp/aws\"]",
      "instances": [
        {
          "schema_version": 0,
          "attributes": {
            "arn": "arn:aws:ec2:ap-south-1:941894778210:internet-gateway/igw-08118e1e2a5e26b15",
            "id": "igw-08118e1e2a5e26b15",
            "owner_id": "941894778210",
            "region": "ap-south-1",
            "tags": null,
            "tags_all": {},
            "timeouts": null,
            "vpc_id": "vpc-0f8b798cb74ea0f54"
          },
          "sensitive_attributes": [],
          "identity_schema_version": 0,
          "private": "eyJlMmJmYjczMC1lY2FhLTExZTYtOGY4OC0zNDM2M2JjN2M0YzAiOnsiY3JlYXRlIjoxMjAwMDAwMDAwMDAwLCJkZWxldGUiOjEyMDAwMDAwMDAwMDAsInVwZGF0ZSI6MTIwMDAwMDAwMDAwMH19",
          "dependencies": [
            "aws_vpc.nodejs-web-app"
          ]
        }
      ]
    },
    {
      "mode": "managed",
      "type": "aws_key_pair",
      "name": "jenkins-key",
      "provider": "provider[\"registry.terraform.io/hashicorp/aws\"]",
      "instances": [
        {
          "schema_version": 1,
          "attributes": {
            "arn": "arn:aws:ec2:ap-south-1:941894778210:key-pair/jenkins",
            "fingerprint": "1f:16:d2:e2:52:17:c9:ab:9b:94:58:9d:5e:b8:6b:46",
            "id": "jenkins",
            "key_name": "jenkins",
            "key_name_prefix": "",
            "key_pair_id": "key-0f4ad1f1fc1df3616",
            "key_type": "rsa",
            "public_key": "ssh-rsa AAAAB3NzaC1yc2EAAAADAQABAAACAQCQLXfsGu77KRwiffSHxwW1xdLJcthZG1BytKpJlQclvTHgWWzcI4nOM+bPF9G9e4o+PbAKJPIwVpz6Z6D3l5Cw/QG13ntxvrTUMyMX2OY7pWldHDmTbg8z8+vfAwtOOEwAIILZq2OmS7F99Q1m2VfduEZpljR+AeLSnguuqFdWbb+IdJejHf53dpOzRnIuIAiiaqCpfewSScICy6kt/DZrIz/Mn2Mt00J7xp8ioTSpNpeUAPCdTtNib/Rtu1S2UW+GwKywkBkfmP/5I+if8NFPgeP2ZeKaIc3T+CCiIeIdN47qWNedN5AqbN+/Ot2q3HfVi6x1CG169pw4WQTCWXa1GtRHsVIB+lPG3UHuSqzuygeGLA3X7uIWOECkuGiwHk2sZGMMdGnejp04zom9L4VTXrkJUVTwUqnqNXhx2tKm3aYzo5crwEFnEo1snRVve7CLKxi/nI6GIPoGB1JZeg+zr4zqzH4oOAqsRNSHHJUim1EX2Jok0H9j9gGCmcZxGBpnX+K89L5521nlr+7nmMJcCyscgSwofJGSJjOjnqCXPexEpynE8VJWMSCbQ16nt0u4y9PXfFyB1qjdURIC9ifwIJODJEAxt5ivU4/3j02f/TCe48v0eLGJdQElpq5Rzat6xxqLqYGXsh7xuQ4vCwLnbUP9riIjSs8ip0b6HLp2tQ== kumkum@DESKTOP-G4D6910",
            "region": "ap-south-1",
            "tags": null,
            "tags_all": {}
          },
          "sensitive_attributes": [],
          "identity_schema_version": 0,
          "private": "eyJzY2hlbWFfdmVyc2lvbiI6IjEifQ=="
        }
      ]
    },
    {
      "mode": "managed",
      "type": "aws_key_pair",
      "name": "nodejs-web-app-key",
      "provider": "provider[\"registry.terraform.io/hashicorp/aws\"]",
      "instances": [
        {
          "schema_version": 1,
          "attributes": {
            "arn": "arn:aws:ec2:ap-south-1:941894778210:key-pair/nodejs-web-app",
            "fingerprint": "a6:9a:58:f0:d1:9e:95:57:57:e3:9c:88:90:cb:14:b4",
            "id": "nodejs-web-app",
            "key_name": "nodejs-web-app",
            "key_name_prefix": "",
            "key_pair_id": "key-0fda6814e2d7e5fc3",
            "key_type": "rsa",
            "public_key": "ssh-rsa AAAAB3NzaC1yc2EAAAADAQABAAACAQDgDKrq20YDiQPUbOe6KnDLxmL0h7y3H6GulvqaYtYUTkb3bhXjXxKLkjdUoPd7/FnCPx8mlW9s7ECX3J2i8VXcXyqM8jA8rhf2giZqxnwAmMRIA6zx49ZGPOSm0opUMmZqaWz9iQZtic5IsjH58FQbnssyjvbO86bBHPybKJbnm6je5m8UaSWWtdybRhsS4XSZUNCAOJAJapS6U4nXOb+NE+cQ/lrPP7Zj+6DBzjFOIuDbweI1tgQpoMitLcwPElRr0PiHUo1FJPrctXlKqRlI9MfUADNd2Eae/69rYwLYg1RhVGV9ZHgcP67bQXHefV5PePJIWuOXnSpQki+JtLUCsHYoDz7M1jmJhKUDMxLPF3/eVVGQ3USohME0Owa/pMvQV154DIr6IQ8vUIUKhz+uGTyX5Uc6vU3uNo/TubJvvqKRhPmi+jD40Mvo4IafxE4QJonm/uV4BcnoKjpgNzdvxrOOHTwe2MUxs7h6I7Gly2rbntWp14n/65Wkgb/jiZ/z7WJ6H2wTGk2P+hYP4+ltTJmVtUC3ObxManjSuHq+/QKLbGygTsN8eKLFAILhSxjWLO0+WBsA334edzt8hHWaWNn0SMlvg9zT3zKNylfCFlGRM1TBPIUyYKwJYU5cQRLEFFey2t4zlHxtLSDvK9HiEWLeIC9FMYjaxFhajD741w== kumkum@DESKTOP-G4D6910",
            "region": "ap-south-1",
            "tags": null,
            "tags_all": {}
          },
          "sensitive_attributes": [],
          "identity_schema_version": 0,
          "private": "eyJzY2hlbWFfdmVyc2lvbiI6IjEifQ=="
        }
      ]
    },
    {
      "mode": "managed",
      "type": "aws_network_interface",
      "name": "jenkins",
      "provider": "provider[\"registry.terraform.io/hashicorp/aws\"]",
      "instances": [
        {
          "schema_version": 0,
          "attributes": {
            "arn": "arn:aws:ec2:ap-south-1:941894778210:network-interface/eni-0d554831b7f946b79",
            "attachment": [],
            "description": "",
            "enable_primary_ipv6": null,
            "id": "eni-0d554831b7f946b79",
            "interface_type": "interface",
            "ipv4_prefix_count": 0,
            "ipv4_prefixes": [],
            "ipv6_address_count": 0,
            "ipv6_address_list": [],
            "ipv6_address_list_enabled": false,
            "ipv6_addresses": [],
            "ipv6_prefix_count": 0,
            "ipv6_prefixes": [],
            "mac_address": "02:90:07:a4:90:d7",
            "outpost_arn": "",
            "owner_id": "941894778210",
            "private_dns_name": "ip-10-0-1-50.ap-south-1.compute.internal",
            "private_ip": "10.0.1.50",
            "private_ip_list": [
              "10.0.1.50"
            ],
            "private_ip_list_enabled": false,
            "private_ips": [
              "10.0.1.50"
            ],
            "private_ips_count": 0,
            "region": "ap-south-1",
            "security_groups": [
              "sg-00f5e304b8454a8e9",
              "sg-02a2028f2c02251ee",
              "sg-06e61f3ddd189a726",
              "sg-0bef1b71edd9bf144"
            ],
            "source_dest_check": true,
            "subnet_id": "subnet-0456829151f097cad",
            "tags": null,
            "tags_all": {}
          },
          "sensitive_attributes": [],
          "identity_schema_version": 0,
          "private": "bnVsbA==",
          "dependencies": [
            "aws_security_group.allow-all-outbound",
            "aws_security_group.allow-jenkins-traffic",
            "aws_security_group.allow-ssh-traffic",
            "aws_security_group.allow-staging-traffic",
            "aws_subnet.subnet-public-jenkins",
            "aws_vpc.nodejs-web-app"
          ]
        }
      ]
    },
    {
      "mode": "managed",
      "type": "aws_network_interface",
      "name": "nodejs-web-app",
      "provider": "provider[\"registry.terraform.io/hashicorp/aws\"]",
      "instances": [
        {
          "schema_version": 0,
          "attributes": {
            "arn": "arn:aws:ec2:ap-south-1:941894778210:network-interface/eni-09a7c6d7ab56a3f24",
            "attachment": [],
            "description": "",
            "enable_primary_ipv6": null,
            "id": "eni-09a7c6d7ab56a3f24",
            "interface_type": "interface",
            "ipv4_prefix_count": 0,
            "ipv4_prefixes": [],
            "ipv6_address_count": 0,
            "ipv6_address_list": [],
            "ipv6_address_list_enabled": false,
            "ipv6_addresses": [],
            "ipv6_prefix_count": 0,
            "ipv6_prefixes": [],
            "mac_address": "02:ac:37:52:81:e9",
            "outpost_arn": "",
            "owner_id": "941894778210",
            "private_dns_name": "ip-10-0-3-50.ap-south-1.compute.internal",
            "private_ip": "10.0.3.50",
            "private_ip_list": [
              "10.0.3.50"
            ],
            "private_ip_list_enabled": false,
            "private_ips": [
              "10.0.3.50"
            ],
            "private_ips_count": 0,
            "region": "ap-south-1",
            "security_groups": [
              "sg-02a2028f2c02251ee",
              "sg-06e61f3ddd189a726",
              "sg-0b73ef1023c0a915b"
            ],
            "source_dest_check": true,
            "subnet_id": "subnet-09c9f0bf836172ba9",
            "tags": null,
            "tags_all": {}
          },
          "sensitive_attributes": [],
          "identity_schema_version": 0,
          "private": "bnVsbA==",
          "dependencies": [
            "aws_security_group.allow-all-outbound",
            "aws_security_group.allow-ssh-traffic",
            "aws_security_group.allow-web-traffic",
            "aws_subnet.subnet-public-web-app",
            "aws_vpc.nodejs-web-app"
          ]
        }
      ]
    },
    {
      "mode": "managed",
      "type": "aws_route_table",
      "name": "allow-outgoing-access",
      "provider": "provider[\"registry.terraform.io/hashicorp/aws\"]",
      "instances": [
        {
          "schema_version": 0,
          "attributes": {
            "arn": "arn:aws:ec2:ap-south-1:941894778210:route-table/rtb-0ad452499e4313579",
            "id": "rtb-0ad452499e4313579",
            "owner_id": "941894778210",
            "propagating_vgws": [],
            "region": "ap-south-1",
            "route": [
              {
                "carrier_gateway_id": "",
                "cidr_block": "0.0.0.0/0",
                "core_network_arn": "",
                "destination_prefix_list_id": "",
                "egress_only_gateway_id": "",
                "gateway_id": "igw-08118e1e2a5e26b15",
                "ipv6_cidr_block": "",
                "local_gateway_id": "",
                "nat_gateway_id": "",
                "network_interface_id": "",
                "transit_gateway_id": "",
                "vpc_endpoint_id": "",
                "vpc_peering_connection_id": ""
              }
            ],
            "tags": {
              "Name": "Route Table Allowing Outgoing Access"
            },
            "tags_all": {
              "Name": "Route Table Allowing Outgoing Access"
            },
            "timeouts": null,
            "vpc_id": "vpc-0f8b798cb74ea0f54"
          },
          "sensitive_attributes": [],
          "identity_schema_version": 0,
          "identity": {
            "account_id": "941894778210",
            "id": "rtb-0ad452499e4313579",
            "region": "ap-south-1"
          },
          "private": "eyJlMmJmYjczMC1lY2FhLTExZTYtOGY4OC0zNDM2M2JjN2M0YzAiOnsiY3JlYXRlIjozMDAwMDAwMDAwMDAsImRlbGV0ZSI6MzAwMDAwMDAwMDAwLCJ1cGRhdGUiOjEyMDAwMDAwMDAwMH19",
          "dependencies": [
            "aws_internet_gateway.nodejs-web-app",
            "aws_vpc.nodejs-web-app"
          ]
        }
      ]
    },
    {
      "mode": "managed",
      "type": "aws_route_table_association",
      "name": "jenkins-subnet",
      "provider": "provider[\"registry.terraform.io/hashicorp/aws\"]",
      "instances": [
        {
          "schema_version": 0,
          "attributes": {
            "gateway_id": "",
            "id": "rtbassoc-0e9553df434f50730",
            "region": "ap-south-1",
            "route_table_id": "rtb-0ad452499e4313579",
            "subnet_id": "subnet-0456829151f097cad",
            "timeouts": null
          },
          "sensitive_attributes": [],
          "identity_schema_version": 0,
          "identity": {
            "account_id": "941894778210",
            "id": "rtbassoc-0e9553df434f50730",
            "region": "ap-south-1"
          },
          "private": "eyJlMmJmYjczMC1lY2FhLTExZTYtOGY4OC0zNDM2M2JjN2M0YzAiOnsiY3JlYXRlIjozMDAwMDAwMDAwMDAsImRlbGV0ZSI6MzAwMDAwMDAwMDAwLCJ1cGRhdGUiOjEyMDAwMDAwMDAwMH19",
          "dependencies": [
            "aws_internet_gateway.nodejs-web-app",
            "aws_route_table.allow-outgoing-access",
            "aws_subnet.subnet-public-jenkins",
            "aws_vpc.nodejs-web-app"
          ]
        }
      ]
    },
    {
      "mode": "managed",
      "type": "aws_route_table_association",
      "name": "web-app-subnet",
      "provider": "provider[\"registry.terraform.io/hashicorp/aws\"]",
      "instances": [
        {
          "schema_version": 0,
          "attributes": {
            "gateway_id": "",
            "id": "rtbassoc-061b9391aa1037763",
            "region": "ap-south-1",
            "route_table_id": "rtb-0ad452499e4313579",
            "subnet_id": "subnet-09c9f0bf836172ba9",
            "timeouts": null
          },
          "sensitive_attributes": [],
          "identity_schema_version": 0,
          "identity": {
            "account_id": "941894778210",
            "id": "rtbassoc-061b9391aa1037763",
            "region": "ap-south-1"
          },
          "private": "eyJlMmJmYjczMC1lY2FhLTExZTYtOGY4OC0zNDM2M2JjN2M0YzAiOnsiY3JlYXRlIjozMDAwMDAwMDAwMDAsImRlbGV0ZSI6MzAwMDAwMDAwMDAwLCJ1cGRhdGUiOjEyMDAwMDAwMDAwMH19",
          "dependencies": [
            "aws_internet_gateway.nodejs-web-app",
            "aws_route_table.allow-outgoing-access",
            "aws_subnet.subnet-public-web-app",
            "aws_vpc.nodejs-web-app"
          ]
        }
      ]
    },
    {
      "mode": "managed",
      "type": "aws_security_group",
      "name": "allow-all-outbound",
      "provider": "provider[\"registry.terraform.io/hashicorp/aws\"]",
      "instances": [
        {
          "schema_version": 1,
          "attributes": {
            "arn": "arn:aws:ec2:ap-south-1:941894778210:security-group/sg-02a2028f2c02251ee",
            "description": "Allow all outbound traffic",
            "egress": [
              {
                "cidr_blocks": [
                  "0.0.0.0/0"
                ],
                "description": "",
                "from_port": 0,
                "ipv6_cidr_blocks": [],
                "prefix_list_ids": [],
                "protocol": "-1",
                "security_groups": [],
                "self": false,
                "to_port": 0
              }
            ],
            "id": "sg-02a2028f2c02251ee",
            "ingress": [],
            "name": "allow-all-outbound",
            "name_prefix": "",
            "owner_id": "941894778210",
            "region": "ap-south-1",
            "revoke_rules_on_delete": false,
            "tags": null,
            "tags_all": {},
            "timeouts": null,
            "vpc_id": "vpc-0f8b798cb74ea0f54"
          },
          "sensitive_attributes": [],
          "identity_schema_version": 0,
          "identity": {
            "account_id": "941894778210",
            "id": "sg-02a2028f2c02251ee",
            "region": "ap-south-1"
          },
          "private": "eyJlMmJmYjczMC1lY2FhLTExZTYtOGY4OC0zNDM2M2JjN2M0YzAiOnsiY3JlYXRlIjo2MDAwMDAwMDAwMDAsImRlbGV0ZSI6OTAwMDAwMDAwMDAwfSwic2NoZW1hX3ZlcnNpb24iOiIxIn0=",
          "dependencies": [
            "aws_vpc.nodejs-web-app"
          ]
        }
      ]
    },
    {
      "mode": "managed",
      "type": "aws_security_group",
      "name": "allow-jenkins-traffic",
      "provider": "provider[\"registry.terraform.io/hashicorp/aws\"]",
      "instances": [
        {
          "schema_version": 1,
          "attributes": {
            "arn": "arn:aws:ec2:ap-south-1:941894778210:security-group/sg-00f5e304b8454a8e9",
            "description": "Allow jenkins inbound traffic",
            "egress": [],
            "id": "sg-00f5e304b8454a8e9",
            "ingress": [
              {
                "cidr_blocks": [
                  "0.0.0.0/0"
                ],
                "description": "Jenkins",
                "from_port": 8080,
                "ipv6_cidr_blocks": [],
                "prefix_list_ids": [],
                "protocol": "tcp",
                "security_groups": [],
                "self": false,
                "to_port": 8080
              }
            ],
            "name": "allow-jenkins-traffic",
            "name_prefix": "",
            "owner_id": "941894778210",
            "region": "ap-south-1",
            "revoke_rules_on_delete": false,
            "tags": null,
            "tags_all": {},
            "timeouts": null,
            "vpc_id": "vpc-0f8b798cb74ea0f54"
          },
          "sensitive_attributes": [],
          "identity_schema_version": 0,
          "identity": {
            "account_id": "941894778210",
            "id": "sg-00f5e304b8454a8e9",
            "region": "ap-south-1"
          },
          "private": "eyJlMmJmYjczMC1lY2FhLTExZTYtOGY4OC0zNDM2M2JjN2M0YzAiOnsiY3JlYXRlIjo2MDAwMDAwMDAwMDAsImRlbGV0ZSI6OTAwMDAwMDAwMDAwfSwic2NoZW1hX3ZlcnNpb24iOiIxIn0=",
          "dependencies": [
            "aws_vpc.nodejs-web-app"
          ]
        }
      ]
    },
    {
      "mode": "managed",
      "type": "aws_security_group",
      "name": "allow-ssh-traffic",
      "provider": "provider[\"registry.terraform.io/hashicorp/aws\"]",
      "instances": [
        {
          "schema_version": 1,
          "attributes": {
            "arn": "arn:aws:ec2:ap-south-1:941894778210:security-group/sg-06e61f3ddd189a726",
            "description": "Allow SSH inbound traffic",
            "egress": [],
            "id": "sg-06e61f3ddd189a726",
            "ingress": [
              {
                "cidr_blocks": [
                  "0.0.0.0/0"
                ],
                "description": "SSH",
                "from_port": 22,
                "ipv6_cidr_blocks": [],
                "prefix_list_ids": [],
                "protocol": "tcp",
                "security_groups": [],
                "self": false,
                "to_port": 22
              }
            ],
            "name": "allow-ssh-traffic",
            "name_prefix": "",
            "owner_id": "941894778210",
            "region": "ap-south-1",
            "revoke_rules_on_delete": false,
            "tags": null,
            "tags_all": {},
            "timeouts": null,
            "vpc_id": "vpc-0f8b798cb74ea0f54"
          },
          "sensitive_attributes": [],
          "identity_schema_version": 0,
          "identity": {
            "account_id": "941894778210",
            "id": "sg-06e61f3ddd189a726",
            "region": "ap-south-1"
          },
          "private": "eyJlMmJmYjczMC1lY2FhLTExZTYtOGY4OC0zNDM2M2JjN2M0YzAiOnsiY3JlYXRlIjo2MDAwMDAwMDAwMDAsImRlbGV0ZSI6OTAwMDAwMDAwMDAwfSwic2NoZW1hX3ZlcnNpb24iOiIxIn0=",
          "dependencies": [
            "aws_vpc.nodejs-web-app"
          ]
        }
      ]
    },
    {
      "mode": "managed",
      "type": "aws_security_group",
      "name": "allow-staging-traffic",
      "provider": "provider[\"registry.terraform.io/hashicorp/aws\"]",
      "instances": [
        {
          "schema_version": 1,
          "attributes": {
            "arn": "arn:aws:ec2:ap-south-1:941894778210:security-group/sg-0bef1b71edd9bf144",
            "description": "Allow Inbound traffic for security checks",
            "egress": [],
            "id": "sg-0bef1b71edd9bf144",
            "ingress": [
              {
                "cidr_blocks": [
                  "0.0.0.0/0"
                ],
                "description": "Staging",
                "from_port": 8000,
                "ipv6_cidr_blocks": [],
                "prefix_list_ids": [],
                "protocol": "tcp",
                "security_groups": [],
                "self": false,
                "to_port": 8000
              }
            ],
            "name": "allow-stagin-traffic",
            "name_prefix": "",
            "owner_id": "941894778210",
            "region": "ap-south-1",
            "revoke_rules_on_delete": false,
            "tags": null,
            "tags_all": {},
            "timeouts": null,
            "vpc_id": "vpc-0f8b798cb74ea0f54"
          },
          "sensitive_attributes": [],
          "identity_schema_version": 0,
          "identity": {
            "account_id": "941894778210",
            "id": "sg-0bef1b71edd9bf144",
            "region": "ap-south-1"
          },
          "private": "eyJlMmJmYjczMC1lY2FhLTExZTYtOGY4OC0zNDM2M2JjN2M0YzAiOnsiY3JlYXRlIjo2MDAwMDAwMDAwMDAsImRlbGV0ZSI6OTAwMDAwMDAwMDAwfSwic2NoZW1hX3ZlcnNpb24iOiIxIn0=",
          "dependencies": [
            "aws_vpc.nodejs-web-app"
          ]
        }
      ]
    },
    {
      "mode": "managed",
      "type": "aws_security_group",
      "name": "allow-web-traffic",
      "provider": "provider[\"registry.terraform.io/hashicorp/aws\"]",
      "instances": [
        {
          "schema_version": 1,
          "attributes": {
            "arn": "arn:aws:ec2:ap-south-1:941894778210:security-group/sg-0b73ef1023c0a915b",
            "description": "Allow HTTP / HTTPS inbound traffic",
            "egress": [],
            "id": "sg-0b73ef1023c0a915b",
            "ingress": [
              {
                "cidr_blocks": [
                  "0.0.0.0/0"
                ],
                "description": "HTTP",
                "from_port": 80,
                "ipv6_cidr_blocks": [],
                "prefix_list_ids": [],
                "protocol": "tcp",
                "security_groups": [],
                "self": false,
                "to_port": 80
              },
              {
                "cidr_blocks": [
                  "0.0.0.0/0"
                ],
                "description": "HTTPS",
                "from_port": 443,
                "ipv6_cidr_blocks": [],
                "prefix_list_ids": [],
                "protocol": "tcp",
                "security_groups": [],
                "self": false,
                "to_port": 443
              }
            ],
            "name": "allow-web-traffic",
            "name_prefix": "",
            "owner_id": "941894778210",
            "region": "ap-south-1",
            "revoke_rules_on_delete": false,
            "tags": null,
            "tags_all": {},
            "timeouts": null,
            "vpc_id": "vpc-0f8b798cb74ea0f54"
          },
          "sensitive_attributes": [],
          "identity_schema_version": 0,
          "identity": {
            "account_id": "941894778210",
            "id": "sg-0b73ef1023c0a915b",
            "region": "ap-south-1"
          },
          "private": "eyJlMmJmYjczMC1lY2FhLTExZTYtOGY4OC0zNDM2M2JjN2M0YzAiOnsiY3JlYXRlIjo2MDAwMDAwMDAwMDAsImRlbGV0ZSI6OTAwMDAwMDAwMDAwfSwic2NoZW1hX3ZlcnNpb24iOiIxIn0=",
          "dependencies": [
            "aws_vpc.nodejs-web-app"
          ]
        }
      ]
    },
    {
      "mode": "managed",
      "type": "aws_subnet",
      "name": "subnet-public-jenkins",
      "provider": "provider[\"registry.terraform.io/hashicorp/aws\"]",
      "instances": [
        {
          "schema_version": 1,
          "attributes": {
            "arn": "arn:aws:ec2:ap-south-1:941894778210:subnet/subnet-0456829151f097cad",
            "assign_ipv6_address_on_creation": false,
            "availability_zone": "ap-south-1a",
            "availability_zone_id": "aps1-az1",
            "cidr_block": "10.0.1.0/24",
            "customer_owned_ipv4_pool": "",
            "enable_dns64": false,
            "enable_lni_at_device_index": 0,
            "enable_resource_name_dns_a_record_on_launch": false,
            "enable_resource_name_dns_aaaa_record_on_launch": false,
            "id": "subnet-0456829151f097cad",
            "ipv4_ipam_pool_id": null,
            "ipv4_netmask_length": null,
            "ipv6_cidr_block": "",
            "ipv6_cidr_block_association_id": "",
            "ipv6_ipam_pool_id": null,
            "ipv6_native": false,
            "ipv6_netmask_length": null,
            "map_customer_owned_ip_on_launch": false,
            "map_public_ip_on_launch": false,
            "outpost_arn": "",
            "owner_id": "941894778210",
            "private_dns_hostname_type_on_launch": "ip-name",
            "region": "ap-south-1",
            "tags": {
              "Name": "Jenkins Subnet"
            },
            "tags_all": {
              "Name": "Jenkins Subnet"
            },
            "timeouts": null,
            "vpc_id": "vpc-0f8b798cb74ea0f54"
          },
          "sensitive_attributes": [],
          "identity_schema_version": 0,
          "identity": {
            "account_id": "941894778210",
            "id": "subnet-0456829151f097cad",
            "region": "ap-south-1"
          },
          "private": "eyJlMmJmYjczMC1lY2FhLTExZTYtOGY4OC0zNDM2M2JjN2M0YzAiOnsiY3JlYXRlIjo2MDAwMDAwMDAwMDAsImRlbGV0ZSI6MTIwMDAwMDAwMDAwMH0sInNjaGVtYV92ZXJzaW9uIjoiMSJ9",
          "dependencies": [
            "aws_vpc.nodejs-web-app"
          ]
        }
      ]
    },
    {
      "mode": "managed",
      "type": "aws_subnet",
      "name": "subnet-public-web-app",
      "provider": "provider[\"registry.terraform.io/hashicorp/aws\"]",
      "instances": [
        {
          "schema_version": 1,
          "attributes": {
            "arn": "arn:aws:ec2:ap-south-1:941894778210:subnet/subnet-09c9f0bf836172ba9",
            "assign_ipv6_address_on_creation": false,
            "availability_zone": "ap-south-1a",
            "availability_zone_id": "aps1-az1",
            "cidr_block": "10.0.3.0/24",
            "customer_owned_ipv4_pool": "",
            "enable_dns64": false,
            "enable_lni_at_device_index": 0,
            "enable_resource_name_dns_a_record_on_launch": false,
            "enable_resource_name_dns_aaaa_record_on_launch": false,
            "id": "subnet-09c9f0bf836172ba9",
            "ipv4_ipam_pool_id": null,
            "ipv4_netmask_length": null,
            "ipv6_cidr_block": "",
            "ipv6_cidr_block_association_id": "",
            "ipv6_ipam_pool_id": null,
            "ipv6_native": false,
            "ipv6_netmask_length": null,
            "map_customer_owned_ip_on_launch": false,
            "map_public_ip_on_launch": false,
            "outpost_arn": "",
            "owner_id": "941894778210",
            "private_dns_hostname_type_on_launch": "ip-name",
            "region": "ap-south-1",
            "tags": {
              "Name": "nodejs Web App Subnet"
            },
            "tags_all": {
              "Name": "nodejs Web App Subnet"
            },
            "timeouts": null,
            "vpc_id": "vpc-0f8b798cb74ea0f54"
          },
          "sensitive_attributes": [],
          "identity_schema_version": 0,
          "identity": {
            "account_id": "941894778210",
            "id": "subnet-09c9f0bf836172ba9",
            "region": "ap-south-1"
          },
          "private": "eyJlMmJmYjczMC1lY2FhLTExZTYtOGY4OC0zNDM2M2JjN2M0YzAiOnsiY3JlYXRlIjo2MDAwMDAwMDAwMDAsImRlbGV0ZSI6MTIwMDAwMDAwMDAwMH0sInNjaGVtYV92ZXJzaW9uIjoiMSJ9",
          "dependencies": [
            "aws_vpc.nodejs-web-app"
          ]
        }
      ]
    },
    {
      "mode": "managed",
      "type": "aws_vpc",
      "name": "nodejs-web-app",
      "provider": "provider[\"registry.terraform.io/hashicorp/aws\"]",
      "instances": [
        {
          "schema_version": 1,
          "attributes": {
            "arn": "arn:aws:ec2:ap-south-1:941894778210:vpc/vpc-0f8b798cb74ea0f54",
            "assign_generated_ipv6_cidr_block": false,
            "cidr_block": "10.0.0.0/16",
            "default_network_acl_id": "acl-0abacd50da03b9cf0",
            "default_route_table_id": "rtb-0b68c61907ec15166",
            "default_security_group_id": "sg-0fe5b33dccaa77e87",
            "dhcp_options_id": "dopt-0736d4ba6d38a1241",
            "enable_dns_hostnames": true,
            "enable_dns_support": true,
            "enable_network_address_usage_metrics": false,
            "id": "vpc-0f8b798cb74ea0f54",
            "instance_tenancy": "default",
            "ipv4_ipam_pool_id": null,
            "ipv4_netmask_length": null,
            "ipv6_association_id": "",
            "ipv6_cidr_block": "",
            "ipv6_cidr_block_network_border_group": "",
            "ipv6_ipam_pool_id": "",
            "ipv6_netmask_length": 0,
            "main_route_table_id": "rtb-0b68c61907ec15166",
            "owner_id": "941894778210",
            "region": "ap-south-1",
            "tags": {
              "Name": "nodejs Web App VPC"
            },
            "tags_all": {
              "Name": "nodejs Web App VPC"
            }
          },
          "sensitive_attributes": [],
          "identity_schema_version": 0,
          "identity": {
            "account_id": "941894778210",
            "id": "vpc-0f8b798cb74ea0f54",
            "region": "ap-south-1"
          },
          "private": "eyJzY2hlbWFfdmVyc2lvbiI6IjEifQ=="
        }
      ]
    }
  ],
  "check_results": null
}
